// !$*UTF8*$!
{
	archiveVersion = 1;
	classes = {
	};
	objectVersion = 51;
	objects = {

/* Begin PBXBuildFile section */
		5D4F5BAC268AF6B6009B39F5 /* AppDelegate.swift in Sources */ = {isa = PBXBuildFile; fileRef = 5D4F5BAB268AF6B6009B39F5 /* AppDelegate.swift */; };
		5D4F5BAE268AF6B6009B39F5 /* SceneDelegate.swift in Sources */ = {isa = PBXBuildFile; fileRef = 5D4F5BAD268AF6B6009B39F5 /* SceneDelegate.swift */; };
		5D4F5BB0268AF6B6009B39F5 /* ViewController.swift in Sources */ = {isa = PBXBuildFile; fileRef = 5D4F5BAF268AF6B6009B39F5 /* ViewController.swift */; };
		5D4F5BB3268AF6B6009B39F5 /* Main.storyboard in Resources */ = {isa = PBXBuildFile; fileRef = 5D4F5BB1268AF6B6009B39F5 /* Main.storyboard */; };
		5D4F5BB6268AF6B6009B39F5 /* Chupova14.xcdatamodeld in Sources */ = {isa = PBXBuildFile; fileRef = 5D4F5BB4268AF6B6009B39F5 /* Chupova14.xcdatamodeld */; };
		5D4F5BB8268AF6B7009B39F5 /* Assets.xcassets in Resources */ = {isa = PBXBuildFile; fileRef = 5D4F5BB7268AF6B7009B39F5 /* Assets.xcassets */; };
		5D4F5BBB268AF6B7009B39F5 /* LaunchScreen.storyboard in Resources */ = {isa = PBXBuildFile; fileRef = 5D4F5BB9268AF6B7009B39F5 /* LaunchScreen.storyboard */; };
		5D4F5BC3268AF7F3009B39F5 /* NameSurname.swift in Sources */ = {isa = PBXBuildFile; fileRef = 5D4F5BC2268AF7F3009B39F5 /* NameSurname.swift */; };
		5D4F5BC5268AF812009B39F5 /* NameSurnameViewController.swift in Sources */ = {isa = PBXBuildFile; fileRef = 5D4F5BC4268AF812009B39F5 /* NameSurnameViewController.swift */; };
		5D4F5BC7268AF836009B39F5 /* Task.swift in Sources */ = {isa = PBXBuildFile; fileRef = 5D4F5BC6268AF836009B39F5 /* Task.swift */; };
		5D4F5BC9268AF865009B39F5 /* ToDoCoreDataTableViewCell.swift in Sources */ = {isa = PBXBuildFile; fileRef = 5D4F5BC8268AF865009B39F5 /* ToDoCoreDataTableViewCell.swift */; };
		5D4F5BCB268AF881009B39F5 /* ToDoCoreDataViewController.swift in Sources */ = {isa = PBXBuildFile; fileRef = 5D4F5BCA268AF881009B39F5 /* ToDoCoreDataViewController.swift */; };
		5D4F5BCF268AF8BC009B39F5 /* ToDoRealmTableViewCell.swift in Sources */ = {isa = PBXBuildFile; fileRef = 5D4F5BCE268AF8BC009B39F5 /* ToDoRealmTableViewCell.swift */; };
		5D4F5BD1268AF8DA009B39F5 /* ToDoRealmViewController.swift in Sources */ = {isa = PBXBuildFile; fileRef = 5D4F5BD0268AF8DA009B39F5 /* ToDoRealmViewController.swift */; };
		5D4F5BD9268B16AA009B39F5 /* RikAndMortyViewController.swift in Sources */ = {isa = PBXBuildFile; fileRef = 5D4F5BD8268B16AA009B39F5 /* RikAndMortyViewController.swift */; };
		5D4F5BDB268B180A009B39F5 /* HeroTableViewCell.swift in Sources */ = {isa = PBXBuildFile; fileRef = 5D4F5BDA268B180A009B39F5 /* HeroTableViewCell.swift */; };
		5D4F5BDD268B18C8009B39F5 /* Hero.swift in Sources */ = {isa = PBXBuildFile; fileRef = 5D4F5BDC268B18C8009B39F5 /* Hero.swift */; };
		5D4F5BDF268B1908009B39F5 /* HeroesLoader.swift in Sources */ = {isa = PBXBuildFile; fileRef = 5D4F5BDE268B1908009B39F5 /* HeroesLoader.swift */; };
		5D4F5BE1268B198F009B39F5 /* CommonResult.swift in Sources */ = {isa = PBXBuildFile; fileRef = 5D4F5BE0268B198F009B39F5 /* CommonResult.swift */; };
		9962A362B35C0DBA0026054F /* Pods_Chupova14.framework in Frameworks */ = {isa = PBXBuildFile; fileRef = F90B5133D389B0C49CBBCCCB /* Pods_Chupova14.framework */; };
/* End PBXBuildFile section */

/* Begin PBXFileReference section */
		5D4F5BA8268AF6B6009B39F5 /* Chupova14.app */ = {isa = PBXFileReference; explicitFileType = wrapper.application; includeInIndex = 0; path = Chupova14.app; sourceTree = BUILT_PRODUCTS_DIR; };
		5D4F5BAB268AF6B6009B39F5 /* AppDelegate.swift */ = {isa = PBXFileReference; lastKnownFileType = sourcecode.swift; path = AppDelegate.swift; sourceTree = "<group>"; };
		5D4F5BAD268AF6B6009B39F5 /* SceneDelegate.swift */ = {isa = PBXFileReference; lastKnownFileType = sourcecode.swift; path = SceneDelegate.swift; sourceTree = "<group>"; };
		5D4F5BAF268AF6B6009B39F5 /* ViewController.swift */ = {isa = PBXFileReference; lastKnownFileType = sourcecode.swift; path = ViewController.swift; sourceTree = "<group>"; };
		5D4F5BB2268AF6B6009B39F5 /* Base */ = {isa = PBXFileReference; lastKnownFileType = file.storyboard; name = Base; path = Base.lproj/Main.storyboard; sourceTree = "<group>"; };
		5D4F5BB5268AF6B6009B39F5 /* Chupova14.xcdatamodel */ = {isa = PBXFileReference; lastKnownFileType = wrapper.xcdatamodel; path = Chupova14.xcdatamodel; sourceTree = "<group>"; };
		5D4F5BB7268AF6B7009B39F5 /* Assets.xcassets */ = {isa = PBXFileReference; lastKnownFileType = folder.assetcatalog; path = Assets.xcassets; sourceTree = "<group>"; };
		5D4F5BBA268AF6B7009B39F5 /* Base */ = {isa = PBXFileReference; lastKnownFileType = file.storyboard; name = Base; path = Base.lproj/LaunchScreen.storyboard; sourceTree = "<group>"; };
		5D4F5BBC268AF6B7009B39F5 /* Info.plist */ = {isa = PBXFileReference; lastKnownFileType = text.plist.xml; path = Info.plist; sourceTree = "<group>"; };
		5D4F5BC2268AF7F3009B39F5 /* NameSurname.swift */ = {isa = PBXFileReference; lastKnownFileType = sourcecode.swift; path = NameSurname.swift; sourceTree = "<group>"; };
		5D4F5BC4268AF812009B39F5 /* NameSurnameViewController.swift */ = {isa = PBXFileReference; lastKnownFileType = sourcecode.swift; path = NameSurnameViewController.swift; sourceTree = "<group>"; };
		5D4F5BC6268AF836009B39F5 /* Task.swift */ = {isa = PBXFileReference; lastKnownFileType = sourcecode.swift; path = Task.swift; sourceTree = "<group>"; };
		5D4F5BC8268AF865009B39F5 /* ToDoCoreDataTableViewCell.swift */ = {isa = PBXFileReference; lastKnownFileType = sourcecode.swift; path = ToDoCoreDataTableViewCell.swift; sourceTree = "<group>"; };
		5D4F5BCA268AF881009B39F5 /* ToDoCoreDataViewController.swift */ = {isa = PBXFileReference; lastKnownFileType = sourcecode.swift; path = ToDoCoreDataViewController.swift; sourceTree = "<group>"; };
		5D4F5BCE268AF8BC009B39F5 /* ToDoRealmTableViewCell.swift */ = {isa = PBXFileReference; lastKnownFileType = sourcecode.swift; path = ToDoRealmTableViewCell.swift; sourceTree = "<group>"; };
		5D4F5BD0268AF8DA009B39F5 /* ToDoRealmViewController.swift */ = {isa = PBXFileReference; lastKnownFileType = sourcecode.swift; path = ToDoRealmViewController.swift; sourceTree = "<group>"; };
		5D4F5BD8268B16AA009B39F5 /* RikAndMortyViewController.swift */ = {isa = PBXFileReference; lastKnownFileType = sourcecode.swift; path = RikAndMortyViewController.swift; sourceTree = "<group>"; };
		5D4F5BDA268B180A009B39F5 /* HeroTableViewCell.swift */ = {isa = PBXFileReference; lastKnownFileType = sourcecode.swift; path = HeroTableViewCell.swift; sourceTree = "<group>"; };
		5D4F5BDC268B18C8009B39F5 /* Hero.swift */ = {isa = PBXFileReference; lastKnownFileType = sourcecode.swift; path = Hero.swift; sourceTree = "<group>"; };
		5D4F5BDE268B1908009B39F5 /* HeroesLoader.swift */ = {isa = PBXFileReference; lastKnownFileType = sourcecode.swift; path = HeroesLoader.swift; sourceTree = "<group>"; };
		5D4F5BE0268B198F009B39F5 /* CommonResult.swift */ = {isa = PBXFileReference; lastKnownFileType = sourcecode.swift; path = CommonResult.swift; sourceTree = "<group>"; };
		74196C41785BE06B4C7303FA /* Pods-Chupova14.release.xcconfig */ = {isa = PBXFileReference; includeInIndex = 1; lastKnownFileType = text.xcconfig; name = "Pods-Chupova14.release.xcconfig"; path = "Target Support Files/Pods-Chupova14/Pods-Chupova14.release.xcconfig"; sourceTree = "<group>"; };
		C1DBE566AF29EC64FF83A38B /* Pods-Chupova14.debug.xcconfig */ = {isa = PBXFileReference; includeInIndex = 1; lastKnownFileType = text.xcconfig; name = "Pods-Chupova14.debug.xcconfig"; path = "Target Support Files/Pods-Chupova14/Pods-Chupova14.debug.xcconfig"; sourceTree = "<group>"; };
		F90B5133D389B0C49CBBCCCB /* Pods_Chupova14.framework */ = {isa = PBXFileReference; explicitFileType = wrapper.framework; includeInIndex = 0; path = Pods_Chupova14.framework; sourceTree = BUILT_PRODUCTS_DIR; };
/* End PBXFileReference section */

/* Begin PBXFrameworksBuildPhase section */
		5D4F5BA5268AF6B6009B39F5 /* Frameworks */ = {
			isa = PBXFrameworksBuildPhase;
			buildActionMask = 2147483647;
			files = (
				9962A362B35C0DBA0026054F /* Pods_Chupova14.framework in Frameworks */,
			);
			runOnlyForDeploymentPostprocessing = 0;
		};
/* End PBXFrameworksBuildPhase section */

/* Begin PBXGroup section */
		2198FE88EB5C14B7EBD23C33 /* Frameworks */ = {
			isa = PBXGroup;
			children = (
				F90B5133D389B0C49CBBCCCB /* Pods_Chupova14.framework */,
			);
			name = Frameworks;
			sourceTree = "<group>";
		};
		5D4F5B9F268AF6B6009B39F5 = {
			isa = PBXGroup;
			children = (
				5D4F5BAA268AF6B6009B39F5 /* Chupova14 */,
				5D4F5BA9268AF6B6009B39F5 /* Products */,
				A0906BBED5C9758BC7F4801F /* Pods */,
				2198FE88EB5C14B7EBD23C33 /* Frameworks */,
			);
			sourceTree = "<group>";
		};
		5D4F5BA9268AF6B6009B39F5 /* Products */ = {
			isa = PBXGroup;
			children = (
				5D4F5BA8268AF6B6009B39F5 /* Chupova14.app */,
			);
			name = Products;
			sourceTree = "<group>";
		};
		5D4F5BAA268AF6B6009B39F5 /* Chupova14 */ = {
			isa = PBXGroup;
			children = (
				5D4F5BAB268AF6B6009B39F5 /* AppDelegate.swift */,
				5D4F5BAD268AF6B6009B39F5 /* SceneDelegate.swift */,
				5D4F5BAF268AF6B6009B39F5 /* ViewController.swift */,
				5D4F5BB1268AF6B6009B39F5 /* Main.storyboard */,
				5D4F5BDA268B180A009B39F5 /* HeroTableViewCell.swift */,
				5D4F5BDE268B1908009B39F5 /* HeroesLoader.swift */,
				5D4F5BE0268B198F009B39F5 /* CommonResult.swift */,
				5D4F5BDC268B18C8009B39F5 /* Hero.swift */,
				5D4F5BD8268B16AA009B39F5 /* RikAndMortyViewController.swift */,
				5D4F5BC2268AF7F3009B39F5 /* NameSurname.swift */,
				5D4F5BC4268AF812009B39F5 /* NameSurnameViewController.swift */,
				5D4F5BC6268AF836009B39F5 /* Task.swift */,
				5D4F5BC8268AF865009B39F5 /* ToDoCoreDataTableViewCell.swift */,
				5D4F5BCA268AF881009B39F5 /* ToDoCoreDataViewController.swift */,
				5D4F5BCE268AF8BC009B39F5 /* ToDoRealmTableViewCell.swift */,
				5D4F5BD0268AF8DA009B39F5 /* ToDoRealmViewController.swift */,
				5D4F5BB7268AF6B7009B39F5 /* Assets.xcassets */,
				5D4F5BB9268AF6B7009B39F5 /* LaunchScreen.storyboard */,
				5D4F5BBC268AF6B7009B39F5 /* Info.plist */,
				5D4F5BB4268AF6B6009B39F5 /* Chupova14.xcdatamodeld */,
			);
			path = Chupova14;
			sourceTree = "<group>";
		};
		A0906BBED5C9758BC7F4801F /* Pods */ = {
			isa = PBXGroup;
			children = (
				C1DBE566AF29EC64FF83A38B /* Pods-Chupova14.debug.xcconfig */,
				74196C41785BE06B4C7303FA /* Pods-Chupova14.release.xcconfig */,
			);
			path = Pods;
			sourceTree = "<group>";
		};
/* End PBXGroup section */

/* Begin PBXNativeTarget section */
		5D4F5BA7268AF6B6009B39F5 /* Chupova14 */ = {
			isa = PBXNativeTarget;
			buildConfigurationList = 5D4F5BBF268AF6B7009B39F5 /* Build configuration list for PBXNativeTarget "Chupova14" */;
			buildPhases = (
				D1E9008F16FB26D805987B66 /* [CP] Check Pods Manifest.lock */,
				5D4F5BA4268AF6B6009B39F5 /* Sources */,
				5D4F5BA5268AF6B6009B39F5 /* Frameworks */,
				5D4F5BA6268AF6B6009B39F5 /* Resources */,
				3DAE03F4C70AEAB194B12534 /* [CP] Embed Pods Frameworks */,
			);
			buildRules = (
			);
			dependencies = (
			);
			name = Chupova14;
			productName = Chupova14;
			productReference = 5D4F5BA8268AF6B6009B39F5 /* Chupova14.app */;
			productType = "com.apple.product-type.application";
		};
/* End PBXNativeTarget section */

/* Begin PBXProject section */
		5D4F5BA0268AF6B6009B39F5 /* Project object */ = {
			isa = PBXProject;
			attributes = {
				LastSwiftUpdateCheck = 1250;
				LastUpgradeCheck = 1250;
				TargetAttributes = {
					5D4F5BA7268AF6B6009B39F5 = {
						CreatedOnToolsVersion = 12.5;
					};
				};
			};
			buildConfigurationList = 5D4F5BA3268AF6B6009B39F5 /* Build configuration list for PBXProject "Chupova14" */;
			compatibilityVersion = "Xcode 9.3";
			developmentRegion = en;
			hasScannedForEncodings = 0;
			knownRegions = (
				en,
				Base,
			);
			mainGroup = 5D4F5B9F268AF6B6009B39F5;
			productRefGroup = 5D4F5BA9268AF6B6009B39F5 /* Products */;
			projectDirPath = "";
			projectRoot = "";
			targets = (
				5D4F5BA7268AF6B6009B39F5 /* Chupova14 */,
			);
		};
/* End PBXProject section */

/* Begin PBXResourcesBuildPhase section */
		5D4F5BA6268AF6B6009B39F5 /* Resources */ = {
			isa = PBXResourcesBuildPhase;
			buildActionMask = 2147483647;
			files = (
				5D4F5BBB268AF6B7009B39F5 /* LaunchScreen.storyboard in Resources */,
				5D4F5BB8268AF6B7009B39F5 /* Assets.xcassets in Resources */,
				5D4F5BB3268AF6B6009B39F5 /* Main.storyboard in Resources */,
			);
			runOnlyForDeploymentPostprocessing = 0;
		};
/* End PBXResourcesBuildPhase section */

/* Begin PBXShellScriptBuildPhase section */
		3DAE03F4C70AEAB194B12534 /* [CP] Embed Pods Frameworks */ = {
			isa = PBXShellScriptBuildPhase;
			buildActionMask = 2147483647;
			files = (
			);
			inputFileListPaths = (
				"${PODS_ROOT}/Target Support Files/Pods-Chupova14/Pods-Chupova14-frameworks-${CONFIGURATION}-input-files.xcfilelist",
			);
			name = "[CP] Embed Pods Frameworks";
			outputFileListPaths = (
				"${PODS_ROOT}/Target Support Files/Pods-Chupova14/Pods-Chupova14-frameworks-${CONFIGURATION}-output-files.xcfilelist",
			);
			runOnlyForDeploymentPostprocessing = 0;
			shellPath = /bin/sh;
			shellScript = "\"${PODS_ROOT}/Target Support Files/Pods-Chupova14/Pods-Chupova14-frameworks.sh\"\n";
			showEnvVarsInLog = 0;
		};
		D1E9008F16FB26D805987B66 /* [CP] Check Pods Manifest.lock */ = {
			isa = PBXShellScriptBuildPhase;
			buildActionMask = 2147483647;
			files = (
			);
			inputFileListPaths = (
			);
			inputPaths = (
				"${PODS_PODFILE_DIR_PATH}/Podfile.lock",
				"${PODS_ROOT}/Manifest.lock",
			);
			name = "[CP] Check Pods Manifest.lock";
			outputFileListPaths = (
			);
			outputPaths = (
				"$(DERIVED_FILE_DIR)/Pods-Chupova14-checkManifestLockResult.txt",
			);
			runOnlyForDeploymentPostprocessing = 0;
			shellPath = /bin/sh;
			shellScript = "diff \"${PODS_PODFILE_DIR_PATH}/Podfile.lock\" \"${PODS_ROOT}/Manifest.lock\" > /dev/null\nif [ $? != 0 ] ; then\n    # print error to STDERR\n    echo \"error: The sandbox is not in sync with the Podfile.lock. Run 'pod install' or update your CocoaPods installation.\" >&2\n    exit 1\nfi\n# This output is used by Xcode 'outputs' to avoid re-running this script phase.\necho \"SUCCESS\" > \"${SCRIPT_OUTPUT_FILE_0}\"\n";
			showEnvVarsInLog = 0;
		};
/* End PBXShellScriptBuildPhase section */

/* Begin PBXSourcesBuildPhase section */
		5D4F5BA4268AF6B6009B39F5 /* Sources */ = {
			isa = PBXSourcesBuildPhase;
			buildActionMask = 2147483647;
			files = (
				5D4F5BB0268AF6B6009B39F5 /* ViewController.swift in Sources */,
				5D4F5BDB268B180A009B39F5 /* HeroTableViewCell.swift in Sources */,
				5D4F5BD9268B16AA009B39F5 /* RikAndMortyViewController.swift in Sources */,
				5D4F5BC5268AF812009B39F5 /* NameSurnameViewController.swift in Sources */,
				5D4F5BDF268B1908009B39F5 /* HeroesLoader.swift in Sources */,
				5D4F5BE1268B198F009B39F5 /* CommonResult.swift in Sources */,
				5D4F5BCB268AF881009B39F5 /* ToDoCoreDataViewController.swift in Sources */,
				5D4F5BB6268AF6B6009B39F5 /* Chupova14.xcdatamodeld in Sources */,
				5D4F5BD1268AF8DA009B39F5 /* ToDoRealmViewController.swift in Sources */,
				5D4F5BAC268AF6B6009B39F5 /* AppDelegate.swift in Sources */,
				5D4F5BC3268AF7F3009B39F5 /* NameSurname.swift in Sources */,
				5D4F5BC7268AF836009B39F5 /* Task.swift in Sources */,
				5D4F5BC9268AF865009B39F5 /* ToDoCoreDataTableViewCell.swift in Sources */,
				5D4F5BDD268B18C8009B39F5 /* Hero.swift in Sources */,
				5D4F5BAE268AF6B6009B39F5 /* SceneDelegate.swift in Sources */,
				5D4F5BCF268AF8BC009B39F5 /* ToDoRealmTableViewCell.swift in Sources */,
			);
			runOnlyForDeploymentPostprocessing = 0;
		};
/* End PBXSourcesBuildPhase section */

/* Begin PBXVariantGroup section */
		5D4F5BB1268AF6B6009B39F5 /* Main.storyboard */ = {
			isa = PBXVariantGroup;
			children = (
				5D4F5BB2268AF6B6009B39F5 /* Base */,
			);
			name = Main.storyboard;
			sourceTree = "<group>";
		};
		5D4F5BB9268AF6B7009B39F5 /* LaunchScreen.storyboard */ = {
			isa = PBXVariantGroup;
			children = (
				5D4F5BBA268AF6B7009B39F5 /* Base */,
			);
			name = LaunchScreen.storyboard;
			sourceTree = "<group>";
		};
/* End PBXVariantGroup section */

/* Begin XCBuildConfiguration section */
		5D4F5BBD268AF6B7009B39F5 /* Debug */ = {
			isa = XCBuildConfiguration;
			buildSettings = {
				ALWAYS_SEARCH_USER_PATHS = NO;
				CLANG_ANALYZER_NONNULL = YES;
				CLANG_ANALYZER_NUMBER_OBJECT_CONVERSION = YES_AGGRESSIVE;
				CLANG_CXX_LANGUAGE_STANDARD = "gnu++14";
				CLANG_CXX_LIBRARY = "libc++";
				CLANG_ENABLE_MODULES = YES;
				CLANG_ENABLE_OBJC_ARC = YES;
				CLANG_ENABLE_OBJC_WEAK = YES;
				CLANG_WARN_BLOCK_CAPTURE_AUTORELEASING = YES;
				CLANG_WARN_BOOL_CONVERSION = YES;
				CLANG_WARN_COMMA = YES;
				CLANG_WARN_CONSTANT_CONVERSION = YES;
				CLANG_WARN_DEPRECATED_OBJC_IMPLEMENTATIONS = YES;
				CLANG_WARN_DIRECT_OBJC_ISA_USAGE = YES_ERROR;
				CLANG_WARN_DOCUMENTATION_COMMENTS = YES;
				CLANG_WARN_EMPTY_BODY = YES;
				CLANG_WARN_ENUM_CONVERSION = YES;
				CLANG_WARN_INFINITE_RECURSION = YES;
				CLANG_WARN_INT_CONVERSION = YES;
				CLANG_WARN_NON_LITERAL_NULL_CONVERSION = YES;
				CLANG_WARN_OBJC_IMPLICIT_RETAIN_SELF = YES;
				CLANG_WARN_OBJC_LITERAL_CONVERSION = YES;
				CLANG_WARN_OBJC_ROOT_CLASS = YES_ERROR;
				CLANG_WARN_QUOTED_INCLUDE_IN_FRAMEWORK_HEADER = YES;
				CLANG_WARN_RANGE_LOOP_ANALYSIS = YES;
				CLANG_WARN_STRICT_PROTOTYPES = YES;
				CLANG_WARN_SUSPICIOUS_MOVE = YES;
				CLANG_WARN_UNGUARDED_AVAILABILITY = YES_AGGRESSIVE;
				CLANG_WARN_UNREACHABLE_CODE = YES;
				CLANG_WARN__DUPLICATE_METHOD_MATCH = YES;
				COPY_PHASE_STRIP = NO;
				DEBUG_INFORMATION_FORMAT = dwarf;
				ENABLE_STRICT_OBJC_MSGSEND = YES;
				ENABLE_TESTABILITY = YES;
				GCC_C_LANGUAGE_STANDARD = gnu11;
				GCC_DYNAMIC_NO_PIC = NO;
				GCC_NO_COMMON_BLOCKS = YES;
				GCC_OPTIMIZATION_LEVEL = 0;
				GCC_PREPROCESSOR_DEFINITIONS = (
					"DEBUG=1",
					"$(inherited)",
				);
				GCC_WARN_64_TO_32_BIT_CONVERSION = YES;
				GCC_WARN_ABOUT_RETURN_TYPE = YES_ERROR;
				GCC_WARN_UNDECLARED_SELECTOR = YES;
				GCC_WARN_UNINITIALIZED_AUTOS = YES_AGGRESSIVE;
				GCC_WARN_UNUSED_FUNCTION = YES;
				GCC_WARN_UNUSED_VARIABLE = YES;
				IPHONEOS_DEPLOYMENT_TARGET = 14.5;
				MTL_ENABLE_DEBUG_INFO = INCLUDE_SOURCE;
				MTL_FAST_MATH = YES;
				ONLY_ACTIVE_ARCH = YES;
				SDKROOT = iphoneos;
				SWIFT_ACTIVE_COMPILATION_CONDITIONS = DEBUG;
				SWIFT_OPTIMIZATION_LEVEL = "-Onone";
			};
			name = Debug;
		};
		5D4F5BBE268AF6B7009B39F5 /* Release */ = {
			isa = XCBuildConfiguration;
			buildSettings = {
				ALWAYS_SEARCH_USER_PATHS = NO;
				CLANG_ANALYZER_NONNULL = YES;
				CLANG_ANALYZER_NUMBER_OBJECT_CONVERSION = YES_AGGRESSIVE;
				CLANG_CXX_LANGUAGE_STANDARD = "gnu++14";
				CLANG_CXX_LIBRARY = "libc++";
				CLANG_ENABLE_MODULES = YES;
				CLANG_ENABLE_OBJC_ARC = YES;
				CLANG_ENABLE_OBJC_WEAK = YES;
				CLANG_WARN_BLOCK_CAPTURE_AUTORELEASING = YES;
				CLANG_WARN_BOOL_CONVERSION = YES;
				CLANG_WARN_COMMA = YES;
				CLANG_WARN_CONSTANT_CONVERSION = YES;
				CLANG_WARN_DEPRECATED_OBJC_IMPLEMENTATIONS = YES;
				CLANG_WARN_DIRECT_OBJC_ISA_USAGE = YES_ERROR;
				CLANG_WARN_DOCUMENTATION_COMMENTS = YES;
				CLANG_WARN_EMPTY_BODY = YES;
				CLANG_WARN_ENUM_CONVERSION = YES;
				CLANG_WARN_INFINITE_RECURSION = YES;
				CLANG_WARN_INT_CONVERSION = YES;
				CLANG_WARN_NON_LITERAL_NULL_CONVERSION = YES;
				CLANG_WARN_OBJC_IMPLICIT_RETAIN_SELF = YES;
				CLANG_WARN_OBJC_LITERAL_CONVERSION = YES;
				CLANG_WARN_OBJC_ROOT_CLASS = YES_ERROR;
				CLANG_WARN_QUOTED_INCLUDE_IN_FRAMEWORK_HEADER = YES;
				CLANG_WARN_RANGE_LOOP_ANALYSIS = YES;
				CLANG_WARN_STRICT_PROTOTYPES = YES;
				CLANG_WARN_SUSPICIOUS_MOVE = YES;
				CLANG_WARN_UNGUARDED_AVAILABILITY = YES_AGGRESSIVE;
				CLANG_WARN_UNREACHABLE_CODE = YES;
				CLANG_WARN__DUPLICATE_METHOD_MATCH = YES;
				COPY_PHASE_STRIP = NO;
				DEBUG_INFORMATION_FORMAT = "dwarf-with-dsym";
				ENABLE_NS_ASSERTIONS = NO;
				ENABLE_STRICT_OBJC_MSGSEND = YES;
				GCC_C_LANGUAGE_STANDARD = gnu11;
				GCC_NO_COMMON_BLOCKS = YES;
				GCC_WARN_64_TO_32_BIT_CONVERSION = YES;
				GCC_WARN_ABOUT_RETURN_TYPE = YES_ERROR;
				GCC_WARN_UNDECLARED_SELECTOR = YES;
				GCC_WARN_UNINITIALIZED_AUTOS = YES_AGGRESSIVE;
				GCC_WARN_UNUSED_FUNCTION = YES;
				GCC_WARN_UNUSED_VARIABLE = YES;
				IPHONEOS_DEPLOYMENT_TARGET = 14.5;
				MTL_ENABLE_DEBUG_INFO = NO;
				MTL_FAST_MATH = YES;
				SDKROOT = iphoneos;
				SWIFT_COMPILATION_MODE = wholemodule;
				SWIFT_OPTIMIZATION_LEVEL = "-O";
				VALIDATE_PRODUCT = YES;
			};
			name = Release;
		};
		5D4F5BC0268AF6B7009B39F5 /* Debug */ = {
			isa = XCBuildConfiguration;
			baseConfigurationReference = C1DBE566AF29EC64FF83A38B /* Pods-Chupova14.debug.xcconfig */;
			buildSettings = {
				ASSETCATALOG_COMPILER_APPICON_NAME = AppIcon;
				ASSETCATALOG_COMPILER_GLOBAL_ACCENT_COLOR_NAME = AccentColor;
				CODE_SIGN_STYLE = Automatic;
				DEVELOPMENT_TEAM = TRVL9SXHFC;
				INFOPLIST_FILE = Chupova14/Info.plist;
				LD_RUNPATH_SEARCH_PATHS = (
					"$(inherited)",
					"@executable_path/Frameworks",
				);
				PRODUCT_BUNDLE_IDENTIFIER = home.Chupova14;
				PRODUCT_NAME = "$(TARGET_NAME)";
				SWIFT_VERSION = 5.0;
				TARGETED_DEVICE_FAMILY = "1,2";
			};
			name = Debug;
		};
		5D4F5BC1268AF6B7009B39F5 /* Release */ = {
			isa = XCBuildConfiguration;
			baseConfigurationReference = 74196C41785BE06B4C7303FA /* Pods-Chupova14.release.xcconfig */;
			buildSettings = {
				ASSETCATALOG_COMPILER_APPICON_NAME = AppIcon;
				ASSETCATALOG_COMPILER_GLOBAL_ACCENT_COLOR_NAME = AccentColor;
				CODE_SIGN_STYLE = Automatic;
				DEVELOPMENT_TEAM = TRVL9SXHFC;
				INFOPLIST_FILE = Chupova14/Info.plist;
				LD_RUNPATH_SEARCH_PATHS = (
					"$(inherited)",
					"@executable_path/Frameworks",
				);
				PRODUCT_BUNDLE_IDENTIFIER = home.Chupova14;
				PRODUCT_NAME = "$(TARGET_NAME)";
				SWIFT_VERSION = 5.0;
				TARGETED_DEVICE_FAMILY = "1,2";
			};
			name = Release;
		};
/* End XCBuildConfiguration section */

/* Begin XCConfigurationList section */
		5D4F5BA3268AF6B6009B39F5 /* Build configuration list for PBXProject "Chupova14" */ = {
			isa = XCConfigurationList;
			buildConfigurations = (
				5D4F5BBD268AF6B7009B39F5 /* Debug */,
				5D4F5BBE268AF6B7009B39F5 /* Release */,
			);
			defaultConfigurationIsVisible = 0;
			defaultConfigurationName = Release;
		};
		5D4F5BBF268AF6B7009B39F5 /* Build configuration list for PBXNativeTarget "Chupova14" */ = {
			isa = XCConfigurationList;
			buildConfigurations = (
				5D4F5BC0268AF6B7009B39F5 /* Debug */,
				5D4F5BC1268AF6B7009B39F5 /* Release */,
			);
			defaultConfigurationIsVisible = 0;
			defaultConfigurationName = Release;
		};
/* End XCConfigurationList section */

/* Begin XCVersionGroup section */
		5D4F5BB4268AF6B6009B39F5 /* Chupova14.xcdatamodeld */ = {
			isa = XCVersionGroup;
			children = (
				5D4F5BB5268AF6B6009B39F5 /* Chupova14.xcdatamodel */,
			);
			currentVersion = 5D4F5BB5268AF6B6009B39F5 /* Chupova14.xcdatamodel */;
			path = Chupova14.xcdatamodeld;
			sourceTree = "<group>";
			versionGroupType = wrapper.xcdatamodel;
		};
/* End XCVersionGroup section */
	};
	rootObject = 5D4F5BA0268AF6B6009B39F5 /* Project object */;
}
